
Microsoft Visual Studio Solution File, Format Version 12.00
# Visual Studio Version 16
VisualStudioVersion = 16.0.29009.5
MinimumVisualStudioVersion = 10.0.40219.1
Project("{FAE04EC0-301F-11D3-BF4B-00C04F79EFBC}") = "GoogleMapsTiler", "GoogleMapsTiler.csproj", "{D3701B10-51FC-495B-A992-931B5685BFA0}"
EndProject
Global
	GlobalSection(SolutionConfigurationPlatforms) = preSolution
		Debug|Any CPU = Debug|Any CPU
		Release|Any CPU = Release|Any CPU
	EndGlobalSection
	GlobalSection(ProjectConfigurationPlatforms) = postSolution
		{D3701B10-51FC-495B-A992-931B5685BFA0}.Debug|Any CPU.ActiveCfg = Debug|Any CPU
		{D3701B10-51FC-495B-A992-931B5685BFA0}.Debug|Any CPU.Build.0 = Debug|Any CPU
		{D3701B10-51FC-495B-A992-931B5685BFA0}.Release|Any CPU.ActiveCfg = Release|Any CPU
		{D3701B10-51FC-495B-A992-931B5685BFA0}.Release|Any CPU.Build.0 = Release|Any CPU
	EndGlobalSection
	GlobalSection(SolutionProperties) = preSolution
		HideSolutionNode = FALSE
	EndGlobalSection
	GlobalSection(ExtensibilityGlobals) = postSolution
		SolutionGuid = {0FC93FF1-4C2C-47D1-8F7F-1E1760F40B3C}
	EndGlobalSection
EndGlobal
